// !$*UTF8*$!
{
	archiveVersion = 1;
	classes = {
	};
	objectVersion = 51;
	objects = {

/* Begin PBXBuildFile section */
		5A10333D1B9988FE18516D51 /* Pods_Sopt27SixthAssignment.framework in Frameworks */ = {isa = PBXBuildFile; fileRef = AC7F01F01F81CA7E72749420 /* Pods_Sopt27SixthAssignment.framework */; };
		D1D264F32568BB220072F6B1 /* AppDelegate.swift in Sources */ = {isa = PBXBuildFile; fileRef = D1D264F22568BB220072F6B1 /* AppDelegate.swift */; };
		D1D264F52568BB220072F6B1 /* SceneDelegate.swift in Sources */ = {isa = PBXBuildFile; fileRef = D1D264F42568BB220072F6B1 /* SceneDelegate.swift */; };
		D1D264F72568BB220072F6B1 /* LoginVC.swift in Sources */ = {isa = PBXBuildFile; fileRef = D1D264F62568BB220072F6B1 /* LoginVC.swift */; };
		D1D264FA2568BB220072F6B1 /* Login.storyboard in Resources */ = {isa = PBXBuildFile; fileRef = D1D264F82568BB220072F6B1 /* Login.storyboard */; };
		D1D264FC2568BB230072F6B1 /* Assets.xcassets in Resources */ = {isa = PBXBuildFile; fileRef = D1D264FB2568BB230072F6B1 /* Assets.xcassets */; };
		D1D264FF2568BB230072F6B1 /* LaunchScreen.storyboard in Resources */ = {isa = PBXBuildFile; fileRef = D1D264FD2568BB230072F6B1 /* LaunchScreen.storyboard */; };
		D1D2650D2568BDD80072F6B1 /* APIConstants.swift in Sources */ = {isa = PBXBuildFile; fileRef = D1D2650C2568BDD80072F6B1 /* APIConstants.swift */; };
		D1D265102568BE020072F6B1 /* GenericResponse.swift in Sources */ = {isa = PBXBuildFile; fileRef = D1D2650F2568BE020072F6B1 /* GenericResponse.swift */; };
		D1D265132568BFF70072F6B1 /* SignInData.swift in Sources */ = {isa = PBXBuildFile; fileRef = D1D265122568BFF70072F6B1 /* SignInData.swift */; };
		D1D265162568C02B0072F6B1 /* NetworkResult.swift in Sources */ = {isa = PBXBuildFile; fileRef = D1D265152568C02B0072F6B1 /* NetworkResult.swift */; };
		D1D265192568C2400072F6B1 /* AuthService.swift in Sources */ = {isa = PBXBuildFile; fileRef = D1D265182568C2400072F6B1 /* AuthService.swift */; };
		D1D265212568E0CD0072F6B1 /* SignUp.storyboard in Resources */ = {isa = PBXBuildFile; fileRef = D1D265202568E0CD0072F6B1 /* SignUp.storyboard */; };
		D1D265242568E0F40072F6B1 /* SignUpVC.swift in Sources */ = {isa = PBXBuildFile; fileRef = D1D265232568E0F40072F6B1 /* SignUpVC.swift */; };
		D1D265282568E4C70072F6B1 /* SignUpService.swift in Sources */ = {isa = PBXBuildFile; fileRef = D1D265272568E4C70072F6B1 /* SignUpService.swift */; };
/* End PBXBuildFile section */

/* Begin PBXFileReference section */
		8D1131A0B15397327B192C00 /* Pods-Sopt27SixthAssignment.release.xcconfig */ = {isa = PBXFileReference; includeInIndex = 1; lastKnownFileType = text.xcconfig; name = "Pods-Sopt27SixthAssignment.release.xcconfig"; path = "Target Support Files/Pods-Sopt27SixthAssignment/Pods-Sopt27SixthAssignment.release.xcconfig"; sourceTree = "<group>"; };
		AC7F01F01F81CA7E72749420 /* Pods_Sopt27SixthAssignment.framework */ = {isa = PBXFileReference; explicitFileType = wrapper.framework; includeInIndex = 0; path = Pods_Sopt27SixthAssignment.framework; sourceTree = BUILT_PRODUCTS_DIR; };
		D1D264EF2568BB220072F6B1 /* Sopt27SixthAssignment.app */ = {isa = PBXFileReference; explicitFileType = wrapper.application; includeInIndex = 0; path = Sopt27SixthAssignment.app; sourceTree = BUILT_PRODUCTS_DIR; };
		D1D264F22568BB220072F6B1 /* AppDelegate.swift */ = {isa = PBXFileReference; lastKnownFileType = sourcecode.swift; path = AppDelegate.swift; sourceTree = "<group>"; };
		D1D264F42568BB220072F6B1 /* SceneDelegate.swift */ = {isa = PBXFileReference; lastKnownFileType = sourcecode.swift; path = SceneDelegate.swift; sourceTree = "<group>"; };
		D1D264F62568BB220072F6B1 /* LoginVC.swift */ = {isa = PBXFileReference; lastKnownFileType = sourcecode.swift; path = LoginVC.swift; sourceTree = "<group>"; };
		D1D264F92568BB220072F6B1 /* Base */ = {isa = PBXFileReference; lastKnownFileType = file.storyboard; name = Base; path = Base.lproj/Login.storyboard; sourceTree = "<group>"; };
		D1D264FB2568BB230072F6B1 /* Assets.xcassets */ = {isa = PBXFileReference; lastKnownFileType = folder.assetcatalog; path = Assets.xcassets; sourceTree = "<group>"; };
		D1D264FE2568BB230072F6B1 /* Base */ = {isa = PBXFileReference; lastKnownFileType = file.storyboard; name = Base; path = Base.lproj/LaunchScreen.storyboard; sourceTree = "<group>"; };
		D1D265002568BB230072F6B1 /* Info.plist */ = {isa = PBXFileReference; lastKnownFileType = text.plist.xml; path = Info.plist; sourceTree = "<group>"; };
		D1D2650C2568BDD80072F6B1 /* APIConstants.swift */ = {isa = PBXFileReference; lastKnownFileType = sourcecode.swift; path = APIConstants.swift; sourceTree = "<group>"; };
		D1D2650F2568BE020072F6B1 /* GenericResponse.swift */ = {isa = PBXFileReference; lastKnownFileType = sourcecode.swift; path = GenericResponse.swift; sourceTree = "<group>"; };
		D1D265122568BFF70072F6B1 /* SignInData.swift */ = {isa = PBXFileReference; lastKnownFileType = sourcecode.swift; path = SignInData.swift; sourceTree = "<group>"; };
		D1D265152568C02B0072F6B1 /* NetworkResult.swift */ = {isa = PBXFileReference; lastKnownFileType = sourcecode.swift; path = NetworkResult.swift; sourceTree = "<group>"; };
		D1D265182568C2400072F6B1 /* AuthService.swift */ = {isa = PBXFileReference; lastKnownFileType = sourcecode.swift; path = AuthService.swift; sourceTree = "<group>"; };
		D1D265202568E0CD0072F6B1 /* SignUp.storyboard */ = {isa = PBXFileReference; lastKnownFileType = file.storyboard; path = SignUp.storyboard; sourceTree = "<group>"; };
		D1D265232568E0F40072F6B1 /* SignUpVC.swift */ = {isa = PBXFileReference; lastKnownFileType = sourcecode.swift; path = SignUpVC.swift; sourceTree = "<group>"; };
		D1D265272568E4C70072F6B1 /* SignUpService.swift */ = {isa = PBXFileReference; lastKnownFileType = sourcecode.swift; path = SignUpService.swift; sourceTree = "<group>"; };
		DA0EC3C91730A2A16EC3A6CF /* Pods-Sopt27SixthAssignment.debug.xcconfig */ = {isa = PBXFileReference; includeInIndex = 1; lastKnownFileType = text.xcconfig; name = "Pods-Sopt27SixthAssignment.debug.xcconfig"; path = "Target Support Files/Pods-Sopt27SixthAssignment/Pods-Sopt27SixthAssignment.debug.xcconfig"; sourceTree = "<group>"; };
/* End PBXFileReference section */

/* Begin PBXFrameworksBuildPhase section */
		D1D264EC2568BB220072F6B1 /* Frameworks */ = {
			isa = PBXFrameworksBuildPhase;
			buildActionMask = 2147483647;
			files = (
				5A10333D1B9988FE18516D51 /* Pods_Sopt27SixthAssignment.framework in Frameworks */,
			);
			runOnlyForDeploymentPostprocessing = 0;
		};
/* End PBXFrameworksBuildPhase section */

/* Begin PBXGroup section */
		7BAD185AC22BADAC3B9DF68A /* Frameworks */ = {
			isa = PBXGroup;
			children = (
				AC7F01F01F81CA7E72749420 /* Pods_Sopt27SixthAssignment.framework */,
			);
			name = Frameworks;
			sourceTree = "<group>";
		};
		D1D264E62568BB220072F6B1 = {
			isa = PBXGroup;
			children = (
				D1D264F12568BB220072F6B1 /* Sopt27SixthAssignment */,
				D1D264F02568BB220072F6B1 /* Products */,
				FF5D1C9BC89402CBF66FA28E /* Pods */,
				7BAD185AC22BADAC3B9DF68A /* Frameworks */,
			);
			sourceTree = "<group>";
		};
		D1D264F02568BB220072F6B1 /* Products */ = {
			isa = PBXGroup;
			children = (
				D1D264EF2568BB220072F6B1 /* Sopt27SixthAssignment.app */,
			);
			name = Products;
			sourceTree = "<group>";
		};
		D1D264F12568BB220072F6B1 /* Sopt27SixthAssignment */ = {
			isa = PBXGroup;
			children = (
				D1D2651E2568D63B0072F6B1 /* APIService */,
				D1D264F22568BB220072F6B1 /* AppDelegate.swift */,
				D1D264F42568BB220072F6B1 /* SceneDelegate.swift */,
				D1D264F62568BB220072F6B1 /* LoginVC.swift */,
				D1D264F82568BB220072F6B1 /* Login.storyboard */,
				D1D264FB2568BB230072F6B1 /* Assets.xcassets */,
				D1D264FD2568BB230072F6B1 /* LaunchScreen.storyboard */,
				D1D265002568BB230072F6B1 /* Info.plist */,
				D1D2650F2568BE020072F6B1 /* GenericResponse.swift */,
				D1D265122568BFF70072F6B1 /* SignInData.swift */,
				D1D265202568E0CD0072F6B1 /* SignUp.storyboard */,
				D1D265232568E0F40072F6B1 /* SignUpVC.swift */,
			);
			path = Sopt27SixthAssignment;
			sourceTree = "<group>";
		};
		D1D2651E2568D63B0072F6B1 /* APIService */ = {
			isa = PBXGroup;
			children = (
				D1D265182568C2400072F6B1 /* AuthService.swift */,
				D1D2650C2568BDD80072F6B1 /* APIConstants.swift */,
				D1D265152568C02B0072F6B1 /* NetworkResult.swift */,
				D1D265272568E4C70072F6B1 /* SignUpService.swift */,
			);
			path = APIService;
			sourceTree = "<group>";
		};
		FF5D1C9BC89402CBF66FA28E /* Pods */ = {
			isa = PBXGroup;
			children = (
				DA0EC3C91730A2A16EC3A6CF /* Pods-Sopt27SixthAssignment.debug.xcconfig */,
				8D1131A0B15397327B192C00 /* Pods-Sopt27SixthAssignment.release.xcconfig */,
			);
			path = Pods;
			sourceTree = "<group>";
		};
/* End PBXGroup section */

/* Begin PBXNativeTarget section */
		D1D264EE2568BB220072F6B1 /* Sopt27SixthAssignment */ = {
			isa = PBXNativeTarget;
			buildConfigurationList = D1D265032568BB230072F6B1 /* Build configuration list for PBXNativeTarget "Sopt27SixthAssignment" */;
			buildPhases = (
				DD74299C3403DEBBD5E7B5F6 /* [CP] Check Pods Manifest.lock */,
				D1D264EB2568BB220072F6B1 /* Sources */,
				D1D264EC2568BB220072F6B1 /* Frameworks */,
				D1D264ED2568BB220072F6B1 /* Resources */,
				9CE18E886672F48C5F17E02A /* [CP] Embed Pods Frameworks */,
			);
			buildRules = (
			);
			dependencies = (
			);
			name = Sopt27SixthAssignment;
			productName = Sopt27SixthAssignment;
			productReference = D1D264EF2568BB220072F6B1 /* Sopt27SixthAssignment.app */;
			productType = "com.apple.product-type.application";
		};
/* End PBXNativeTarget section */

/* Begin PBXProject section */
		D1D264E72568BB220072F6B1 /* Project object */ = {
			isa = PBXProject;
			attributes = {
				LastSwiftUpdateCheck = 1200;
				LastUpgradeCheck = 1200;
				TargetAttributes = {
					D1D264EE2568BB220072F6B1 = {
						CreatedOnToolsVersion = 12.0;
					};
				};
			};
			buildConfigurationList = D1D264EA2568BB220072F6B1 /* Build configuration list for PBXProject "Sopt27SixthAssignment" */;
			compatibilityVersion = "Xcode 9.3";
			developmentRegion = en;
			hasScannedForEncodings = 0;
			knownRegions = (
				en,
				Base,
			);
			mainGroup = D1D264E62568BB220072F6B1;
			productRefGroup = D1D264F02568BB220072F6B1 /* Products */;
			projectDirPath = "";
			projectRoot = "";
			targets = (
				D1D264EE2568BB220072F6B1 /* Sopt27SixthAssignment */,
			);
		};
/* End PBXProject section */

/* Begin PBXResourcesBuildPhase section */
		D1D264ED2568BB220072F6B1 /* Resources */ = {
			isa = PBXResourcesBuildPhase;
			buildActionMask = 2147483647;
			files = (
				D1D264FF2568BB230072F6B1 /* LaunchScreen.storyboard in Resources */,
				D1D264FC2568BB230072F6B1 /* Assets.xcassets in Resources */,
				D1D265212568E0CD0072F6B1 /* SignUp.storyboard in Resources */,
				D1D264FA2568BB220072F6B1 /* Login.storyboard in Resources */,
			);
			runOnlyForDeploymentPostprocessing = 0;
		};
/* End PBXResourcesBuildPhase section */

/* Begin PBXShellScriptBuildPhase section */
		9CE18E886672F48C5F17E02A /* [CP] Embed Pods Frameworks */ = {
			isa = PBXShellScriptBuildPhase;
			buildActionMask = 2147483647;
			files = (
			);
			inputFileListPaths = (
				"${PODS_ROOT}/Target Support Files/Pods-Sopt27SixthAssignment/Pods-Sopt27SixthAssignment-frameworks-${CONFIGURATION}-input-files.xcfilelist",
			);
			name = "[CP] Embed Pods Frameworks";
			outputFileListPaths = (
				"${PODS_ROOT}/Target Support Files/Pods-Sopt27SixthAssignment/Pods-Sopt27SixthAssignment-frameworks-${CONFIGURATION}-output-files.xcfilelist",
			);
			runOnlyForDeploymentPostprocessing = 0;
			shellPath = /bin/sh;
			shellScript = "\"${PODS_ROOT}/Target Support Files/Pods-Sopt27SixthAssignment/Pods-Sopt27SixthAssignment-frameworks.sh\"\n";
			showEnvVarsInLog = 0;
		};
		DD74299C3403DEBBD5E7B5F6 /* [CP] Check Pods Manifest.lock */ = {
			isa = PBXShellScriptBuildPhase;
			buildActionMask = 2147483647;
			files = (
			);
			inputFileListPaths = (
			);
			inputPaths = (
				"${PODS_PODFILE_DIR_PATH}/Podfile.lock",
				"${PODS_ROOT}/Manifest.lock",
			);
			name = "[CP] Check Pods Manifest.lock";
			outputFileListPaths = (
			);
			outputPaths = (
				"$(DERIVED_FILE_DIR)/Pods-Sopt27SixthAssignment-checkManifestLockResult.txt",
			);
			runOnlyForDeploymentPostprocessing = 0;
			shellPath = /bin/sh;
			shellScript = "diff \"${PODS_PODFILE_DIR_PATH}/Podfile.lock\" \"${PODS_ROOT}/Manifest.lock\" > /dev/null\nif [ $? != 0 ] ; then\n    # print error to STDERR\n    echo \"error: The sandbox is not in sync with the Podfile.lock. Run 'pod install' or update your CocoaPods installation.\" >&2\n    exit 1\nfi\n# This output is used by Xcode 'outputs' to avoid re-running this script phase.\necho \"SUCCESS\" > \"${SCRIPT_OUTPUT_FILE_0}\"\n";
			showEnvVarsInLog = 0;
		};
/* End PBXShellScriptBuildPhase section */

/* Begin PBXSourcesBuildPhase section */
		D1D264EB2568BB220072F6B1 /* Sources */ = {
			isa = PBXSourcesBuildPhase;
			buildActionMask = 2147483647;
			files = (
				D1D265102568BE020072F6B1 /* GenericResponse.swift in Sources */,
				D1D265282568E4C70072F6B1 /* SignUpService.swift in Sources */,
				D1D2650D2568BDD80072F6B1 /* APIConstants.swift in Sources */,
				D1D264F72568BB220072F6B1 /* LoginVC.swift in Sources */,
				D1D265132568BFF70072F6B1 /* SignInData.swift in Sources */,
				D1D264F32568BB220072F6B1 /* AppDelegate.swift in Sources */,
				D1D265242568E0F40072F6B1 /* SignUpVC.swift in Sources */,
				D1D264F52568BB220072F6B1 /* SceneDelegate.swift in Sources */,
				D1D265162568C02B0072F6B1 /* NetworkResult.swift in Sources */,
				D1D265192568C2400072F6B1 /* AuthService.swift in Sources */,
			);
			runOnlyForDeploymentPostprocessing = 0;
		};
/* End PBXSourcesBuildPhase section */

/* Begin PBXVariantGroup section */
		D1D264F82568BB220072F6B1 /* Login.storyboard */ = {
			isa = PBXVariantGroup;
			children = (
				D1D264F92568BB220072F6B1 /* Base */,
			);
			name = Login.storyboard;
			sourceTree = "<group>";
		};
		D1D264FD2568BB230072F6B1 /* LaunchScreen.storyboard */ = {
			isa = PBXVariantGroup;
			children = (
				D1D264FE2568BB230072F6B1 /* Base */,
			);
			name = LaunchScreen.storyboard;
			sourceTree = "<group>";
		};
/* End PBXVariantGroup section */

/* Begin XCBuildConfiguration section */
		D1D265012568BB230072F6B1 /* Debug */ = {
			isa = XCBuildConfiguration;
			buildSettings = {
				ALWAYS_SEARCH_USER_PATHS = NO;
				CLANG_ANALYZER_NONNULL = YES;
				CLANG_ANALYZER_NUMBER_OBJECT_CONVERSION = YES_AGGRESSIVE;
				CLANG_CXX_LANGUAGE_STANDARD = "gnu++14";
				CLANG_CXX_LIBRARY = "libc++";
				CLANG_ENABLE_MODULES = YES;
				CLANG_ENABLE_OBJC_ARC = YES;
				CLANG_ENABLE_OBJC_WEAK = YES;
				CLANG_WARN_BLOCK_CAPTURE_AUTORELEASING = YES;
				CLANG_WARN_BOOL_CONVERSION = YES;
				CLANG_WARN_COMMA = YES;
				CLANG_WARN_CONSTANT_CONVERSION = YES;
				CLANG_WARN_DEPRECATED_OBJC_IMPLEMENTATIONS = YES;
				CLANG_WARN_DIRECT_OBJC_ISA_USAGE = YES_ERROR;
				CLANG_WARN_DOCUMENTATION_COMMENTS = YES;
				CLANG_WARN_EMPTY_BODY = YES;
				CLANG_WARN_ENUM_CONVERSION = YES;
				CLANG_WARN_INFINITE_RECURSION = YES;
				CLANG_WARN_INT_CONVERSION = YES;
				CLANG_WARN_NON_LITERAL_NULL_CONVERSION = YES;
				CLANG_WARN_OBJC_IMPLICIT_RETAIN_SELF = YES;
				CLANG_WARN_OBJC_LITERAL_CONVERSION = YES;
				CLANG_WARN_OBJC_ROOT_CLASS = YES_ERROR;
				CLANG_WARN_QUOTED_INCLUDE_IN_FRAMEWORK_HEADER = YES;
				CLANG_WARN_RANGE_LOOP_ANALYSIS = YES;
				CLANG_WARN_STRICT_PROTOTYPES = YES;
				CLANG_WARN_SUSPICIOUS_MOVE = YES;
				CLANG_WARN_UNGUARDED_AVAILABILITY = YES_AGGRESSIVE;
				CLANG_WARN_UNREACHABLE_CODE = YES;
				CLANG_WARN__DUPLICATE_METHOD_MATCH = YES;
				COPY_PHASE_STRIP = NO;
				DEBUG_INFORMATION_FORMAT = dwarf;
				ENABLE_STRICT_OBJC_MSGSEND = YES;
				ENABLE_TESTABILITY = YES;
				GCC_C_LANGUAGE_STANDARD = gnu11;
				GCC_DYNAMIC_NO_PIC = NO;
				GCC_NO_COMMON_BLOCKS = YES;
				GCC_OPTIMIZATION_LEVEL = 0;
				GCC_PREPROCESSOR_DEFINITIONS = (
					"DEBUG=1",
					"$(inherited)",
				);
				GCC_WARN_64_TO_32_BIT_CONVERSION = YES;
				GCC_WARN_ABOUT_RETURN_TYPE = YES_ERROR;
				GCC_WARN_UNDECLARED_SELECTOR = YES;
				GCC_WARN_UNINITIALIZED_AUTOS = YES_AGGRESSIVE;
				GCC_WARN_UNUSED_FUNCTION = YES;
				GCC_WARN_UNUSED_VARIABLE = YES;
				IPHONEOS_DEPLOYMENT_TARGET = 14.0;
				MTL_ENABLE_DEBUG_INFO = INCLUDE_SOURCE;
				MTL_FAST_MATH = YES;
				ONLY_ACTIVE_ARCH = YES;
				SDKROOT = iphoneos;
				SWIFT_ACTIVE_COMPILATION_CONDITIONS = DEBUG;
				SWIFT_OPTIMIZATION_LEVEL = "-Onone";
			};
			name = Debug;
		};
		D1D265022568BB230072F6B1 /* Release */ = {
			isa = XCBuildConfiguration;
			buildSettings = {
				ALWAYS_SEARCH_USER_PATHS = NO;
				CLANG_ANALYZER_NONNULL = YES;
				CLANG_ANALYZER_NUMBER_OBJECT_CONVERSION = YES_AGGRESSIVE;
				CLANG_CXX_LANGUAGE_STANDARD = "gnu++14";
				CLANG_CXX_LIBRARY = "libc++";
				CLANG_ENABLE_MODULES = YES;
				CLANG_ENABLE_OBJC_ARC = YES;
				CLANG_ENABLE_OBJC_WEAK = YES;
				CLANG_WARN_BLOCK_CAPTURE_AUTORELEASING = YES;
				CLANG_WARN_BOOL_CONVERSION = YES;
				CLANG_WARN_COMMA = YES;
				CLANG_WARN_CONSTANT_CONVERSION = YES;
				CLANG_WARN_DEPRECATED_OBJC_IMPLEMENTATIONS = YES;
				CLANG_WARN_DIRECT_OBJC_ISA_USAGE = YES_ERROR;
				CLANG_WARN_DOCUMENTATION_COMMENTS = YES;
				CLANG_WARN_EMPTY_BODY = YES;
				CLANG_WARN_ENUM_CONVERSION = YES;
				CLANG_WARN_INFINITE_RECURSION = YES;
				CLANG_WARN_INT_CONVERSION = YES;
				CLANG_WARN_NON_LITERAL_NULL_CONVERSION = YES;
				CLANG_WARN_OBJC_IMPLICIT_RETAIN_SELF = YES;
				CLANG_WARN_OBJC_LITERAL_CONVERSION = YES;
				CLANG_WARN_OBJC_ROOT_CLASS = YES_ERROR;
				CLANG_WARN_QUOTED_INCLUDE_IN_FRAMEWORK_HEADER = YES;
				CLANG_WARN_RANGE_LOOP_ANALYSIS = YES;
				CLANG_WARN_STRICT_PROTOTYPES = YES;
				CLANG_WARN_SUSPICIOUS_MOVE = YES;
				CLANG_WARN_UNGUARDED_AVAILABILITY = YES_AGGRESSIVE;
				CLANG_WARN_UNREACHABLE_CODE = YES;
				CLANG_WARN__DUPLICATE_METHOD_MATCH = YES;
				COPY_PHASE_STRIP = NO;
				DEBUG_INFORMATION_FORMAT = "dwarf-with-dsym";
				ENABLE_NS_ASSERTIONS = NO;
				ENABLE_STRICT_OBJC_MSGSEND = YES;
				GCC_C_LANGUAGE_STANDARD = gnu11;
				GCC_NO_COMMON_BLOCKS = YES;
				GCC_WARN_64_TO_32_BIT_CONVERSION = YES;
				GCC_WARN_ABOUT_RETURN_TYPE = YES_ERROR;
				GCC_WARN_UNDECLARED_SELECTOR = YES;
				GCC_WARN_UNINITIALIZED_AUTOS = YES_AGGRESSIVE;
				GCC_WARN_UNUSED_FUNCTION = YES;
				GCC_WARN_UNUSED_VARIABLE = YES;
				IPHONEOS_DEPLOYMENT_TARGET = 14.0;
				MTL_ENABLE_DEBUG_INFO = NO;
				MTL_FAST_MATH = YES;
				SDKROOT = iphoneos;
				SWIFT_COMPILATION_MODE = wholemodule;
				SWIFT_OPTIMIZATION_LEVEL = "-O";
				VALIDATE_PRODUCT = YES;
			};
			name = Release;
		};
		D1D265042568BB230072F6B1 /* Debug */ = {
			isa = XCBuildConfiguration;
			baseConfigurationReference = DA0EC3C91730A2A16EC3A6CF /* Pods-Sopt27SixthAssignment.debug.xcconfig */;
			buildSettings = {
				ASSETCATALOG_COMPILER_APPICON_NAME = AppIcon;
				ASSETCATALOG_COMPILER_GLOBAL_ACCENT_COLOR_NAME = AccentColor;
				CODE_SIGN_STYLE = Automatic;
				DEVELOPMENT_TEAM = G6CPR8NL67;
				INFOPLIST_FILE = Sopt27SixthAssignment/Info.plist;
				LD_RUNPATH_SEARCH_PATHS = (
					"$(inherited)",
					"@executable_path/Frameworks",
				);
				PRODUCT_BUNDLE_IDENTIFIER = com.soyounglee.ServerPractice.Sopt27SixthAssignment;
				PRODUCT_NAME = "$(TARGET_NAME)";
				SWIFT_VERSION = 5.0;
				TARGETED_DEVICE_FAMILY = "1,2";
			};
			name = Debug;
		};
		D1D265052568BB230072F6B1 /* Release */ = {
			isa = XCBuildConfiguration;
			baseConfigurationReference = 8D1131A0B15397327B192C00 /* Pods-Sopt27SixthAssignment.release.xcconfig */;
			buildSettings = {
				ASSETCATALOG_COMPILER_APPICON_NAME = AppIcon;
				ASSETCATALOG_COMPILER_GLOBAL_ACCENT_COLOR_NAME = AccentColor;
				CODE_SIGN_STYLE = Automatic;
				DEVELOPMENT_TEAM = G6CPR8NL67;
				INFOPLIST_FILE = Sopt27SixthAssignment/Info.plist;
				LD_RUNPATH_SEARCH_PATHS = (
					"$(inherited)",
					"@executable_path/Frameworks",
				);
				PRODUCT_BUNDLE_IDENTIFIER = com.soyounglee.ServerPractice.Sopt27SixthAssignment;
				PRODUCT_NAME = "$(TARGET_NAME)";
				SWIFT_VERSION = 5.0;
				TARGETED_DEVICE_FAMILY = "1,2";
			};
			name = Release;
		};
/* End XCBuildConfiguration section */

/* Begin XCConfigurationList section */
		D1D264EA2568BB220072F6B1 /* Build configuration list for PBXProject "Sopt27SixthAssignment" */ = {
			isa = XCConfigurationList;
			buildConfigurations = (
				D1D265012568BB230072F6B1 /* Debug */,
				D1D265022568BB230072F6B1 /* Release */,
			);
			defaultConfigurationIsVisible = 0;
			defaultConfigurationName = Release;
		};
		D1D265032568BB230072F6B1 /* Build configuration list for PBXNativeTarget "Sopt27SixthAssignment" */ = {
			isa = XCConfigurationList;
			buildConfigurations = (
				D1D265042568BB230072F6B1 /* Debug */,
				D1D265052568BB230072F6B1 /* Release */,
			);
			defaultConfigurationIsVisible = 0;
			defaultConfigurationName = Release;
		};
/* End XCConfigurationList section */
	};
	rootObject = D1D264E72568BB220072F6B1 /* Project object */;
}
